{
  "lockfile_version": "1",
  "packages": {
    "awscli2@latest": {
      "last_modified": "2024-06-07T15:28:25Z",
      "resolved": "github:NixOS/nixpkgs/d226935fd75012939397c83f6c385e4d6d832288#awscli2",
      "source": "devbox-search",
      "version": "2.15.62",
      "systems": {
        "aarch64-darwin": {
          "outputs": [
            {
              "name": "out",
              "path": "/nix/store/k12pqkfqs948arm8m85nyfz6k6k4sfrg-awscli2-2.15.62",
              "default": true
            },
            {
              "name": "dist",
              "path": "/nix/store/g50dvsmv86nmqd4ccl2qfk9gwpmfsvpd-awscli2-2.15.62-dist"
            }
          ],
          "store_path": "/nix/store/k12pqkfqs948arm8m85nyfz6k6k4sfrg-awscli2-2.15.62"
        },
        "aarch64-linux": {
          "outputs": [
            {
              "name": "out",
              "path": "/nix/store/bnp5b0jlq6v308gz47wxf84hd825nvd1-awscli2-2.15.62",
              "default": true
            },
            {
              "name": "dist",
              "path": "/nix/store/darcm2yby8kbxql8n374davxkpgnapzw-awscli2-2.15.62-dist"
            }
          ],
          "store_path": "/nix/store/bnp5b0jlq6v308gz47wxf84hd825nvd1-awscli2-2.15.62"
        },
        "x86_64-darwin": {
          "outputs": [
            {
              "name": "out",
              "path": "/nix/store/iim7l6lz4hsa0f8z69s0w3mijh6ndy8i-awscli2-2.15.62",
              "default": true
            },
            {
              "name": "dist",
              "path": "/nix/store/671f4bqw063d04xdrfch8j9lcjxg7q64-awscli2-2.15.62-dist"
            }
          ],
          "store_path": "/nix/store/iim7l6lz4hsa0f8z69s0w3mijh6ndy8i-awscli2-2.15.62"
        },
        "x86_64-linux": {
          "outputs": [
            {
              "name": "out",
              "path": "/nix/store/ml7gpcjv3nlfprm5iy42xzqjpn4dy0qx-awscli2-2.15.62",
              "default": true
            },
            {
              "name": "dist",
              "path": "/nix/store/5ax0cajlls8h3qf18xva9v0c4ja0bdf2-awscli2-2.15.62-dist"
            }
          ],
          "store_path": "/nix/store/ml7gpcjv3nlfprm5iy42xzqjpn4dy0qx-awscli2-2.15.62"
        }
      }
    },
    "corepack_20@latest": {
      "last_modified": "2024-05-22T06:18:38Z",
      "resolved": "github:NixOS/nixpkgs/3f316d2a50699a78afe5e77ca486ad553169061e#corepack_20",
      "source": "devbox-search",
      "version": "20.12.2",
      "systems": {
        "aarch64-darwin": {
          "outputs": [
            {
              "name": "out",
              "path": "/nix/store/rrs1raif6jh3bzngsqfp944lmgygkc6g-corepack-nodejs-20.12.2",
              "default": true
            }
          ],
          "store_path": "/nix/store/rrs1raif6jh3bzngsqfp944lmgygkc6g-corepack-nodejs-20.12.2"
        },
        "aarch64-linux": {
          "outputs": [
            {
              "name": "out",
              "path": "/nix/store/77pjdarwgidwdiqn0lai7zxkgsnipfjj-corepack-nodejs-20.12.2",
              "default": true
            }
          ],
          "store_path": "/nix/store/77pjdarwgidwdiqn0lai7zxkgsnipfjj-corepack-nodejs-20.12.2"
        },
        "x86_64-darwin": {
          "outputs": [
            {
              "name": "out",
              "path": "/nix/store/wql9i37r4d90pdmkl992k50i3lqh3ihj-corepack-nodejs-20.12.2",
              "default": true
            }
          ],
          "store_path": "/nix/store/wql9i37r4d90pdmkl992k50i3lqh3ihj-corepack-nodejs-20.12.2"
        },
        "x86_64-linux": {
          "outputs": [
            {
              "name": "out",
              "path": "/nix/store/s423cz0ghy9h115533cbpq5gwbz6d98k-corepack-nodejs-20.12.2",
              "default": true
            }
          ],
          "store_path": "/nix/store/s423cz0ghy9h115533cbpq5gwbz6d98k-corepack-nodejs-20.12.2"
        }
      }
    },
    "corretto17@latest": {
      "last_modified": "2024-05-28T16:41:07Z",
      "resolved": "github:NixOS/nixpkgs/4a3fc4cf736b7d2d288d7a8bf775ac8d4c0920b4#corretto17",
      "source": "devbox-search",
      "version": "17.0.11.9.1",
      "systems": {
        "aarch64-darwin": {
          "outputs": [
            {
              "name": "out",
              "path": "/nix/store/l7r3xqarh5xxnci1iafsn7rcq0x5vp6y-corretto-17.0.11.9.1",
              "default": true
            }
          ],
          "store_path": "/nix/store/l7r3xqarh5xxnci1iafsn7rcq0x5vp6y-corretto-17.0.11.9.1"
        },
        "aarch64-linux": {
          "outputs": [
            {
              "name": "out",
              "path": "/nix/store/sadjb4jspgccfcac9m5fckwc7y5cqb9g-corretto-17.0.11.9.1",
              "default": true
            },
            {
              "name": "debug",
              "path": "/nix/store/gqra4nn82707glamligrbm62f1sx07hf-corretto-17.0.11.9.1-debug"
            }
          ],
          "store_path": "/nix/store/sadjb4jspgccfcac9m5fckwc7y5cqb9g-corretto-17.0.11.9.1"
        },
        "x86_64-darwin": {
          "outputs": [
            {
              "name": "out",
              "path": "/nix/store/lg1zqja73wcga7b64n2a1ps7dfgh3cag-corretto-17.0.11.9.1",
              "default": true
            }
          ],
          "store_path": "/nix/store/lg1zqja73wcga7b64n2a1ps7dfgh3cag-corretto-17.0.11.9.1"
        },
        "x86_64-linux": {
          "outputs": [
            {
              "name": "out",
              "path": "/nix/store/cs9aa91y7g30xyqwlk1p4agg3ps2j8gc-corretto-17.0.11.9.1",
              "default": true
            },
            {
              "name": "debug",
              "path": "/nix/store/5n4cmgkx1vbisa2d4ym08w2dx19kd0sm-corretto-17.0.11.9.1-debug"
            }
          ],
          "store_path": "/nix/store/cs9aa91y7g30xyqwlk1p4agg3ps2j8gc-corretto-17.0.11.9.1"
        }
      }
    },
    "direnv@latest": {
      "last_modified": "2024-06-08T17:34:36Z",
      "resolved": "github:NixOS/nixpkgs/cd18e2ae9ab8e2a0a8d715b60c91b54c0ac35ff9#direnv",
      "source": "devbox-search",
      "version": "2.34.0",
      "systems": {
        "aarch64-darwin": {
          "outputs": [
            {
              "name": "out",
              "path": "/nix/store/xhncafmn16byksbvf98sljwzdkzqp213-direnv-2.34.0",
              "default": true
            }
          ],
          "store_path": "/nix/store/xhncafmn16byksbvf98sljwzdkzqp213-direnv-2.34.0"
        },
        "aarch64-linux": {
          "outputs": [
            {
              "name": "out",
              "path": "/nix/store/029vbaal2rswv7d74n4ssnx6laixx99r-direnv-2.34.0",
              "default": true
            }
          ],
          "store_path": "/nix/store/029vbaal2rswv7d74n4ssnx6laixx99r-direnv-2.34.0"
        },
        "x86_64-darwin": {
          "outputs": [
            {
              "name": "out",
              "path": "/nix/store/f36shldnlxalh7ir5hdhmnp9qrmqgqph-direnv-2.34.0",
              "default": true
            }
          ],
          "store_path": "/nix/store/f36shldnlxalh7ir5hdhmnp9qrmqgqph-direnv-2.34.0"
        },
        "x86_64-linux": {
          "outputs": [
            {
              "name": "out",
              "path": "/nix/store/81cqmrlp1x77139nsx0s5jjqk6jxxxxw-direnv-2.34.0",
              "default": true
            }
          ],
          "store_path": "/nix/store/81cqmrlp1x77139nsx0s5jjqk6jxxxxw-direnv-2.34.0"
        }
      }
    },
    "gh@latest": {
      "last_modified": "2024-05-30T12:09:21Z",
      "resolved": "github:NixOS/nixpkgs/aa61b27554a5fc282758bf0324781e3464ef2cde#gh",
      "source": "devbox-search",
      "version": "2.50.0",
      "systems": {
        "aarch64-darwin": {
          "outputs": [
            {
              "name": "out",
              "path": "/nix/store/l55ps1jsnaqzc05nr09r7w4zb6zdk6wx-gh-2.50.0",
              "default": true
            }
          ],
          "store_path": "/nix/store/l55ps1jsnaqzc05nr09r7w4zb6zdk6wx-gh-2.50.0"
        },
        "aarch64-linux": {
          "outputs": [
            {
              "name": "out",
              "path": "/nix/store/4y99sn78r3y92ma33cmmpa66299pmiq9-gh-2.50.0",
              "default": true
            }
          ],
          "store_path": "/nix/store/4y99sn78r3y92ma33cmmpa66299pmiq9-gh-2.50.0"
        },
        "x86_64-darwin": {
          "outputs": [
            {
              "name": "out",
              "path": "/nix/store/zi5mp2902mvkndx66m8i57mqfg026b74-gh-2.50.0",
              "default": true
            }
          ],
          "store_path": "/nix/store/zi5mp2902mvkndx66m8i57mqfg026b74-gh-2.50.0"
        },
        "x86_64-linux": {
          "outputs": [
            {
              "name": "out",
              "path": "/nix/store/flq1szdy6pvm50f348ik03x8058kf0b6-gh-2.50.0",
              "default": true
            }
          ],
          "store_path": "/nix/store/flq1szdy6pvm50f348ik03x8058kf0b6-gh-2.50.0"
        }
      }
    },
    "go-task@latest": {
      "last_modified": "2024-05-29T10:04:41Z",
      "resolved": "github:NixOS/nixpkgs/ac82a513e55582291805d6f09d35b6d8b60637a1#go-task",
      "source": "devbox-search",
      "version": "3.37.2",
      "systems": {
        "aarch64-darwin": {
          "outputs": [
            {
              "name": "out",
              "path": "/nix/store/sxx5qi67pni1188alq2a8vxnyliy4mpk-go-task-3.37.2",
              "default": true
            }
          ],
          "store_path": "/nix/store/sxx5qi67pni1188alq2a8vxnyliy4mpk-go-task-3.37.2"
        },
        "aarch64-linux": {
          "outputs": [
            {
              "name": "out",
              "path": "/nix/store/6ji3xndcf45yrsrvbv3rkp789bz6rcby-go-task-3.37.2",
              "default": true
            }
          ],
          "store_path": "/nix/store/6ji3xndcf45yrsrvbv3rkp789bz6rcby-go-task-3.37.2"
        },
        "x86_64-darwin": {
          "outputs": [
            {
              "name": "out",
              "path": "/nix/store/gf9ygvd2m7v2hv3349k6q3jgk0bfqr9z-go-task-3.37.2",
              "default": true
            }
          ],
          "store_path": "/nix/store/gf9ygvd2m7v2hv3349k6q3jgk0bfqr9z-go-task-3.37.2"
        },
        "x86_64-linux": {
          "outputs": [
            {
              "name": "out",
              "path": "/nix/store/9bswbbgd0fdbqa40yrj7f595303zbrnj-go-task-3.37.2",
              "default": true
            }
          ],
          "store_path": "/nix/store/9bswbbgd0fdbqa40yrj7f595303zbrnj-go-task-3.37.2"
        }
      }
    },
    "jq@latest": {
      "last_modified": "2024-06-09T00:38:05Z",
      "resolved": "github:NixOS/nixpkgs/3bcedce9f4de37570242faf16e1e143583407eab#jq",
      "source": "devbox-search",
      "version": "1.7.1",
      "systems": {
        "aarch64-darwin": {
          "outputs": [
            {
              "name": "bin",
              "path": "/nix/store/68s205iqz4x1fvry7nkhg8g270v1vcy4-jq-1.7.1-bin",
              "default": true
            },
            {
              "name": "man",
              "path": "/nix/store/a5dywljs6papj8qcz9414r91f69r4y9r-jq-1.7.1-man",
              "default": true
            },
            {
              "name": "out",
              "path": "/nix/store/f20hrh4qzvk2577glb7s5l114gmirngj-jq-1.7.1"
            },
            {
              "name": "dev",
              "path": "/nix/store/13hz87fi6v8yha2i0hqs3hgjr28wh5wc-jq-1.7.1-dev"
            },
            {
              "name": "doc",
              "path": "/nix/store/ghj56yphlx06ws4wzv6370smcqy7q2j7-jq-1.7.1-doc"
            },
            {
              "name": "lib",
              "path": "/nix/store/19mhwafp54qa8di0z3rxwb692nq1hagw-jq-1.7.1-lib"
            }
          ],
          "store_path": "/nix/store/68s205iqz4x1fvry7nkhg8g270v1vcy4-jq-1.7.1-bin"
        },
        "aarch64-linux": {
          "outputs": [
            {
              "name": "bin",
              "path": "/nix/store/ndiybnyqr1ph1vjg3k12nk4563mhxppm-jq-1.7.1-bin",
              "default": true
            },
            {
              "name": "man",
              "path": "/nix/store/m6iwqw0050fw4wc9xmr5pqs3ah5ry7ax-jq-1.7.1-man",
              "default": true
            },
            {
              "name": "out",
              "path": "/nix/store/fwkhzdlq9xiz2rl5bkvmj772p9hvqj99-jq-1.7.1"
            },
            {
              "name": "dev",
              "path": "/nix/store/kvrsi2isj17fm1i1q547y318pkdn8yp7-jq-1.7.1-dev"
            },
            {
              "name": "doc",
              "path": "/nix/store/bb0ah4vxmzgc0sqykmbv5fypgk9nnkw1-jq-1.7.1-doc"
            },
            {
              "name": "lib",
              "path": "/nix/store/amjqcw9ja9zd2dwm1va91in764xvpnx3-jq-1.7.1-lib"
            }
          ],
          "store_path": "/nix/store/ndiybnyqr1ph1vjg3k12nk4563mhxppm-jq-1.7.1-bin"
        },
        "x86_64-darwin": {
          "outputs": [
            {
              "name": "bin",
              "path": "/nix/store/bpfyriz1v75s27jjp334xmz76i39jb5m-jq-1.7.1-bin",
              "default": true
            },
            {
              "name": "man",
              "path": "/nix/store/z9k3kvc4vd3nalz0zy642jwldjx8nycz-jq-1.7.1-man",
              "default": true
            },
            {
              "name": "dev",
              "path": "/nix/store/js9gb09z8qzf0i7xaqnqkriy43d4p371-jq-1.7.1-dev"
            },
            {
              "name": "doc",
              "path": "/nix/store/h092iqq78iqfb2i4zr9x5p6pjapm4gj0-jq-1.7.1-doc"
            },
            {
              "name": "lib",
              "path": "/nix/store/m83fjdl51389phnrm9yw81xq47b1n6nq-jq-1.7.1-lib"
            },
            {
              "name": "out",
              "path": "/nix/store/ja0jnfqjrlcvrmhd0x5v61nccdybp86g-jq-1.7.1"
            }
          ],
          "store_path": "/nix/store/bpfyriz1v75s27jjp334xmz76i39jb5m-jq-1.7.1-bin"
        },
        "x86_64-linux": {
          "outputs": [
            {
              "name": "bin",
              "path": "/nix/store/7y2nxi5svi3ya06jyfw7l06rxvfb1zzf-jq-1.7.1-bin",
              "default": true
            },
            {
              "name": "man",
              "path": "/nix/store/shvd454wy3lnhirj922yrzffzscci28s-jq-1.7.1-man",
              "default": true
            },
            {
              "name": "out",
              "path": "/nix/store/33flg1kzjqn426gg4yfz1zkgpj9cmc4j-jq-1.7.1"
            },
            {
              "name": "dev",
              "path": "/nix/store/n5chc8i5za5jrr4biwwgx7a96p0a7aq9-jq-1.7.1-dev"
            },
            {
              "name": "doc",
              "path": "/nix/store/5cq70lcqc2aph4q03brijk3alfh5rnmz-jq-1.7.1-doc"
            },
            {
              "name": "lib",
              "path": "/nix/store/bjf63mfkn3r6svmb4qlsy1v8bff4dwa9-jq-1.7.1-lib"
            }
          ],
          "store_path": "/nix/store/7y2nxi5svi3ya06jyfw7l06rxvfb1zzf-jq-1.7.1-bin"
        }
      }
    },
    "nodejs_20@latest": {
      "last_modified": "2024-05-22T06:18:38Z",
      "plugin_version": "0.0.2",
      "resolved": "github:NixOS/nixpkgs/3f316d2a50699a78afe5e77ca486ad553169061e#nodejs_20",
      "source": "devbox-search",
      "version": "20.12.2",
      "systems": {
        "aarch64-darwin": {
          "outputs": [
            {
              "name": "out",
              "path": "/nix/store/bzzs4kvjyvjjhs3rj08vqpvvzmfggvbv-nodejs-20.12.2",
              "default": true
            },
            {
              "name": "libv8",
              "path": "/nix/store/c56874bxzncqwy58kif6wfnzy017v1sl-nodejs-20.12.2-libv8"
            }
          ],
          "store_path": "/nix/store/bzzs4kvjyvjjhs3rj08vqpvvzmfggvbv-nodejs-20.12.2"
        },
        "aarch64-linux": {
          "outputs": [
            {
              "name": "out",
              "path": "/nix/store/y50zafzgnnkrj4hvmk23icv2ggvys8r9-nodejs-20.12.2",
              "default": true
            },
            {
              "name": "libv8",
              "path": "/nix/store/vc7y8h3c8pwbh4zbvjcyfqrd3fhdjhw6-nodejs-20.12.2-libv8"
            }
          ],
          "store_path": "/nix/store/y50zafzgnnkrj4hvmk23icv2ggvys8r9-nodejs-20.12.2"
        },
        "x86_64-darwin": {
          "outputs": [
            {
              "name": "out",
              "path": "/nix/store/l53svh1nfrcb83qbqvrrkangrcl1rr25-nodejs-20.12.2",
              "default": true
            },
            {
              "name": "libv8",
              "path": "/nix/store/q71hh22bfqjygd34gq16dv4dwfc33378-nodejs-20.12.2-libv8"
            }
          ],
          "store_path": "/nix/store/l53svh1nfrcb83qbqvrrkangrcl1rr25-nodejs-20.12.2"
        },
        "x86_64-linux": {
          "outputs": [
            {
              "name": "out",
              "path": "/nix/store/6g9n96qf1yx139xklnmy3v4xhjvjgsji-nodejs-20.12.2",
              "default": true
            },
            {
              "name": "libv8",
              "path": "/nix/store/s7b0dqga0311mvq48mirnlm0p3dr4gm3-nodejs-20.12.2-libv8"
            }
          ],
          "store_path": "/nix/store/6g9n96qf1yx139xklnmy3v4xhjvjgsji-nodejs-20.12.2"
        }
      }
    },
    "wget@latest": {
      "last_modified": "2024-05-22T06:18:38Z",
      "resolved": "github:NixOS/nixpkgs/3f316d2a50699a78afe5e77ca486ad553169061e#wget",
      "source": "devbox-search",
      "version": "1.21.4",
      "systems": {
        "aarch64-darwin": {
          "outputs": [
            {
              "name": "out",
              "path": "/nix/store/a4kh5a9j63aidn00sssljmxwlla02f08-wget-1.21.4",
              "default": true
            }
          ],
          "store_path": "/nix/store/a4kh5a9j63aidn00sssljmxwlla02f08-wget-1.21.4"
        },
        "aarch64-linux": {
          "outputs": [
            {
              "name": "out",
              "path": "/nix/store/aps9sx10gncb89av6m8m4a3nps21pd25-wget-1.21.4",
              "default": true
            }
          ],
          "store_path": "/nix/store/aps9sx10gncb89av6m8m4a3nps21pd25-wget-1.21.4"
        },
        "x86_64-darwin": {
          "outputs": [
            {
              "name": "out",
              "path": "/nix/store/7pyhm1ynyjs1vvg8wbxvwkqd520s877d-wget-1.21.4",
              "default": true
            }
          ],
          "store_path": "/nix/store/7pyhm1ynyjs1vvg8wbxvwkqd520s877d-wget-1.21.4"
        },
        "x86_64-linux": {
          "outputs": [
            {
              "name": "out",
              "path": "/nix/store/w5l8hxmpxrhmchphnc29js7zrp44m1zy-wget-1.21.4",
              "default": true
            }
          ],
          "store_path": "/nix/store/w5l8hxmpxrhmchphnc29js7zrp44m1zy-wget-1.21.4"
        }
      }
    },
    "yq@latest": {
      "last_modified": "2024-05-22T06:18:38Z",
      "resolved": "github:NixOS/nixpkgs/3f316d2a50699a78afe5e77ca486ad553169061e#yq",
      "source": "devbox-search",
      "version": "3.4.3",
      "systems": {
        "aarch64-darwin": {
          "outputs": [
            {
              "name": "out",
              "path": "/nix/store/lah5sv8bg7509f4434z5dmm5d9rz6pc7-python3.11-yq-3.4.3",
              "default": true
            },
            {
              "name": "dist",
              "path": "/nix/store/zk1fxbfh9zsjnvzh9r6b4kr3k7r6c9dx-python3.11-yq-3.4.3-dist"
            }
          ],
          "store_path": "/nix/store/lah5sv8bg7509f4434z5dmm5d9rz6pc7-python3.11-yq-3.4.3"
        },
        "aarch64-linux": {
          "outputs": [
            {
              "name": "out",
              "path": "/nix/store/1r9s304hip8c2qzdikdm0bcfv6a6kgyq-python3.11-yq-3.4.3",
              "default": true
            },
            {
              "name": "dist",
              "path": "/nix/store/pix8fndfnl1zw3qp5jqlbr3s8p1sa7ai-python3.11-yq-3.4.3-dist"
            }
          ],
          "store_path": "/nix/store/1r9s304hip8c2qzdikdm0bcfv6a6kgyq-python3.11-yq-3.4.3"
        },
        "x86_64-darwin": {
          "outputs": [
            {
              "name": "out",
              "path": "/nix/store/ap6xcs6nmh5p306rn1jxj1416vgl6l4v-python3.11-yq-3.4.3",
              "default": true
            },
            {
              "name": "dist",
              "path": "/nix/store/r6va30cqqhjj9abrn0grd1r01csxxwk1-python3.11-yq-3.4.3-dist"
            }
          ],
          "store_path": "/nix/store/ap6xcs6nmh5p306rn1jxj1416vgl6l4v-python3.11-yq-3.4.3"
        },
        "x86_64-linux": {
          "outputs": [
            {
              "name": "out",
              "path": "/nix/store/7a7ymlh8d0ns3cfy35nvbplszkm74a0m-python3.11-yq-3.4.3",
              "default": true
            },
            {
              "name": "dist",
              "path": "/nix/store/14hnz7vnlvfb3k0v9p748m987psaii9x-python3.11-yq-3.4.3-dist"
            }
          ],
          "store_path": "/nix/store/7a7ymlh8d0ns3cfy35nvbplszkm74a0m-python3.11-yq-3.4.3"
        }
      }
    },
    "zsh-powerlevel10k@latest": {
      "last_modified": "2024-06-08T17:34:36Z",
      "resolved": "github:NixOS/nixpkgs/cd18e2ae9ab8e2a0a8d715b60c91b54c0ac35ff9#zsh-powerlevel10k",
      "source": "devbox-search",
      "version": "1.20.0",
      "systems": {
        "aarch64-darwin": {
          "outputs": [
            {
              "name": "out",
              "path": "/nix/store/h762937bddcvqqm1z9n7lw1g9dx5cmzz-powerlevel10k-1.20.0",
              "default": true
            }
          ],
          "store_path": "/nix/store/h762937bddcvqqm1z9n7lw1g9dx5cmzz-powerlevel10k-1.20.0"
        },
        "aarch64-linux": {
          "outputs": [
            {
              "name": "out",
              "path": "/nix/store/br8ivy1qwbxb319v2lmncp35cxsrh1h5-powerlevel10k-1.20.0",
              "default": true
            }
          ],
          "store_path": "/nix/store/br8ivy1qwbxb319v2lmncp35cxsrh1h5-powerlevel10k-1.20.0"
        },
        "x86_64-darwin": {
          "outputs": [
            {
              "name": "out",
              "path": "/nix/store/fvd989syp2zxg0wq80lmk3czqgr35l0a-powerlevel10k-1.20.0",
              "default": true
            }
          ],
          "store_path": "/nix/store/fvd989syp2zxg0wq80lmk3czqgr35l0a-powerlevel10k-1.20.0"
        },
        "x86_64-linux": {
          "outputs": [
            {
              "name": "out",
              "path": "/nix/store/3dvpikignvs56d3njrhbimsafvfz064d-powerlevel10k-1.20.0",
              "default": true
            }
          ],
          "store_path": "/nix/store/3dvpikignvs56d3njrhbimsafvfz064d-powerlevel10k-1.20.0"
        }
      }
    },
    "zsh-prezto@latest": {
      "last_modified": "2024-05-22T06:18:38Z",
      "resolved": "github:NixOS/nixpkgs/3f316d2a50699a78afe5e77ca486ad553169061e#zsh-prezto",
      "source": "devbox-search",
      "version": "0-unstable-2024-04-15",
      "systems": {
        "aarch64-darwin": {
          "outputs": [
            {
              "name": "out",
              "path": "/nix/store/pmdjpx0i90j2j6cq40nl39ki00qyphy7-zsh-prezto-0-unstable-2024-04-15",
              "default": true
            }
          ],
          "store_path": "/nix/store/pmdjpx0i90j2j6cq40nl39ki00qyphy7-zsh-prezto-0-unstable-2024-04-15"
        },
        "aarch64-linux": {
          "outputs": [
            {
              "name": "out",
              "path": "/nix/store/129464bfs3qhaswl4v97sqxwl61jm2p2-zsh-prezto-0-unstable-2024-04-15",
              "default": true
            }
          ],
          "store_path": "/nix/store/129464bfs3qhaswl4v97sqxwl61jm2p2-zsh-prezto-0-unstable-2024-04-15"
        },
        "x86_64-darwin": {
          "outputs": [
            {
              "name": "out",
              "path": "/nix/store/9v2wa9gfsic953a2gh4qdb2l7w4wy03z-zsh-prezto-0-unstable-2024-04-15",
              "default": true
            }
          ],
          "store_path": "/nix/store/9v2wa9gfsic953a2gh4qdb2l7w4wy03z-zsh-prezto-0-unstable-2024-04-15"
        },
        "x86_64-linux": {
          "outputs": [
            {
              "name": "out",
              "path": "/nix/store/8d74w4098njpvrgbp408516dmmf4hywn-zsh-prezto-0-unstable-2024-04-15",
              "default": true
            }
          ],
          "store_path": "/nix/store/8d74w4098njpvrgbp408516dmmf4hywn-zsh-prezto-0-unstable-2024-04-15"
        }
      }
    }
  }
}
